PODS:
  - AnyCoder (0.1.1-beta1)
  - MMapKV (0.1.0-beta1):
    - AnyCoder (~> 0.1.0-beta1)

DEPENDENCIES:
  - AnyCoder (from `../../AnyCoder`)
  - MMapKV (from `../`)

EXTERNAL SOURCES:
  AnyCoder:
    :path: "../../AnyCoder"
  MMapKV:
    :path: "../"

SPEC CHECKSUMS:
  AnyCoder: abbe6faebdff3fae37187109ee6af04e26c62d3c
  MMapKV: 7c2014ae460c873957075ab658bdd4dff459d8d2

PODFILE CHECKSUM: e4b6570b25ea3a566528a623e35243eed1541079

COCOAPODS: 1.10.0
